
Microsoft Visual Studio Solution File, Format Version 12.00
# Visual Studio Version 17
VisualStudioVersion = 17.5.33414.496
MinimumVisualStudioVersion = 10.0.40219.1
Project("{9A19103F-16F7-4668-BE54-9A1E7A4F7556}") = "AA1odev", "AA1odev\AA1odev.csproj", "{5776EC30-AB1E-4E10-912F-68E4A96B7DE2}"
EndProject
Global
	GlobalSection(SolutionConfigurationPlatforms) = preSolution
		Debug|Any CPU = Debug|Any CPU
		Release|Any CPU = Release|Any CPU
	EndGlobalSection
	GlobalSection(ProjectConfigurationPlatforms) = postSolution
		{5776EC30-AB1E-4E10-912F-68E4A96B7DE2}.Debug|Any CPU.ActiveCfg = Debug|Any CPU
		{5776EC30-AB1E-4E10-912F-68E4A96B7DE2}.Debug|Any CPU.Build.0 = Debug|Any CPU
		{5776EC30-AB1E-4E10-912F-68E4A96B7DE2}.Release|Any CPU.ActiveCfg = Release|Any CPU
		{5776EC30-AB1E-4E10-912F-68E4A96B7DE2}.Release|Any CPU.Build.0 = Release|Any CPU
	EndGlobalSection
	GlobalSection(SolutionProperties) = preSolution
		HideSolutionNode = FALSE
	EndGlobalSection
	GlobalSection(ExtensibilityGlobals) = postSolution
		SolutionGuid = {7394439B-18DD-49F3-B06D-A8E47CDBD3F9}
	EndGlobalSection
EndGlobal
